// !$*UTF8*$!
{
	archiveVersion = 1;
	classes = {
	};
	objectVersion = 60;
	objects = {

/* Begin PBXBuildFile section */
		C90F725828883B1B005FF2AB /* SettingsView.swift in Sources */ = {isa = PBXBuildFile; fileRef = C90F725728883B1B005FF2AB /* SettingsView.swift */; };
		C90F725A2888432A005FF2AB /* EditBabyDetailsView.swift in Sources */ = {isa = PBXBuildFile; fileRef = C90F72592888432A005FF2AB /* EditBabyDetailsView.swift */; };
		C90F725C28884379005FF2AB /* BabyDetailsFormView.swift in Sources */ = {isa = PBXBuildFile; fileRef = C90F725B28884379005FF2AB /* BabyDetailsFormView.swift */; };
		C90F725E28884DD6005FF2AB /* RemoveBabyView.swift in Sources */ = {isa = PBXBuildFile; fileRef = C90F725D28884DD6005FF2AB /* RemoveBabyView.swift */; };
		C90F72602888B0DE005FF2AB /* AddBottleFeedEventView.swift in Sources */ = {isa = PBXBuildFile; fileRef = C90F725F2888B0DE005FF2AB /* AddBottleFeedEventView.swift */; };
		C953DD3D287E0C0700F1E1B7 /* AddEventListView.swift in Sources */ = {isa = PBXBuildFile; fileRef = C953DD3C287E0C0700F1E1B7 /* AddEventListView.swift */; };
		C953DD41287F011B00F1E1B7 /* AddDiaperEventView.swift in Sources */ = {isa = PBXBuildFile; fileRef = C953DD40287F011B00F1E1B7 /* AddDiaperEventView.swift */; };
		C953DD43287F206400F1E1B7 /* AddNursingEventView.swift in Sources */ = {isa = PBXBuildFile; fileRef = C953DD42287F206400F1E1B7 /* AddNursingEventView.swift */; };
		C953DD45287F253800F1E1B7 /* AddSleepEventView.swift in Sources */ = {isa = PBXBuildFile; fileRef = C953DD44287F253800F1E1B7 /* AddSleepEventView.swift */; };
		C969734B2881B0FA00156287 /* AddEventView.swift in Sources */ = {isa = PBXBuildFile; fileRef = C969734A2881B0FA00156287 /* AddEventView.swift */; };
		C969734D2881EF4400156287 /* AddVomitEventView.swift in Sources */ = {isa = PBXBuildFile; fileRef = C969734C2881EF4400156287 /* AddVomitEventView.swift */; };
		C9B95D09287CA02400ADC43F /* View+Extensions.swift in Sources */ = {isa = PBXBuildFile; fileRef = C9B95D08287CA02400ADC43F /* View+Extensions.swift */; };
		C9B95D0D287DA6C800ADC43F /* JournalView.swift in Sources */ = {isa = PBXBuildFile; fileRef = C9B95D0C287DA6C800ADC43F /* JournalView.swift */; };
		C9B95D12287DA9D000ADC43F /* AddBabyView.swift in Sources */ = {isa = PBXBuildFile; fileRef = C9B95D11287DA9D000ADC43F /* AddBabyView.swift */; };
		C9B95D14287DAD9C00ADC43F /* ButtonStyles.swift in Sources */ = {isa = PBXBuildFile; fileRef = C9B95D13287DAD9C00ADC43F /* ButtonStyles.swift */; };
		C9B95D16287DF50D00ADC43F /* BabyCard.swift in Sources */ = {isa = PBXBuildFile; fileRef = C9B95D15287DF50D00ADC43F /* BabyCard.swift */; };
		C9D2C0832880D1DC00F85D8F /* EventView.swift in Sources */ = {isa = PBXBuildFile; fileRef = C9D2C0822880D1DC00F85D8F /* EventView.swift */; };
		C9ED2EA2287C745100BA3228 /* MabyApp.swift in Sources */ = {isa = PBXBuildFile; fileRef = C9ED2EA1287C745100BA3228 /* MabyApp.swift */; };
		C9ED2EA9287C745100BA3228 /* ContentView.swift in Sources */ = {isa = PBXBuildFile; fileRef = C9ED2EA8287C745100BA3228 /* ContentView.swift */; };
		C9ED2EAB287C745300BA3228 /* Assets.xcassets in Resources */ = {isa = PBXBuildFile; fileRef = C9ED2EAA287C745300BA3228 /* Assets.xcassets */; };
		C9ED2EAF287C745300BA3228 /* Preview Assets.xcassets in Resources */ = {isa = PBXBuildFile; fileRef = C9ED2EAE287C745300BA3228 /* Preview Assets.xcassets */; };
		EB0CCCBE2BCDF9CE009ADE4B /* AddBreastPumpEventView.swift in Sources */ = {isa = PBXBuildFile; fileRef = EB0CCCBD2BCDF9CE009ADE4B /* AddBreastPumpEventView.swift */; };
		EB0CCCC02BD07ABD009ADE4B /* AddBathingView.swift in Sources */ = {isa = PBXBuildFile; fileRef = EB0CCCBF2BD07ABD009ADE4B /* AddBathingView.swift */; };
		EB0CCCC22BD0845F009ADE4B /* AddActivityView.swift in Sources */ = {isa = PBXBuildFile; fileRef = EB0CCCC12BD0845F009ADE4B /* AddActivityView.swift */; };
		EB0CCCC52BD3720E009ADE4B /* ChartView.swift in Sources */ = {isa = PBXBuildFile; fileRef = EB0CCCC42BD3720E009ADE4B /* ChartView.swift */; };
		EB0CCCC72BD41976009ADE4B /* SplashView.swift in Sources */ = {isa = PBXBuildFile; fileRef = EB0CCCC62BD41976009ADE4B /* SplashView.swift */; };
		EB0CCCC92BD41B95009ADE4B /* lilyan.jpg in Resources */ = {isa = PBXBuildFile; fileRef = EB0CCCC82BD41B95009ADE4B /* lilyan.jpg */; };
		EB0CCCFD2BD73391009ADE4B /* HomeView.swift in Sources */ = {isa = PBXBuildFile; fileRef = EB0CCCFC2BD73390009ADE4B /* HomeView.swift */; };
		EB0CCD002BD733EA009ADE4B /* PhotoView.swift in Sources */ = {isa = PBXBuildFile; fileRef = EB0CCCFF2BD733EA009ADE4B /* PhotoView.swift */; };
		EB0CCD022BD7345E009ADE4B /* VideoContentView.swift in Sources */ = {isa = PBXBuildFile; fileRef = EB0CCD012BD7345E009ADE4B /* VideoContentView.swift */; };
		EB0CCD072BD734BA009ADE4B /* VideoContentViewModel.swift in Sources */ = {isa = PBXBuildFile; fileRef = EB0CCD062BD734BA009ADE4B /* VideoContentViewModel.swift */; };
		EB0CCD092BD734F5009ADE4B /* PhotoPickerView.swift in Sources */ = {isa = PBXBuildFile; fileRef = EB0CCD082BD734F5009ADE4B /* PhotoPickerView.swift */; };
		EB0CCD0B2BD7352F009ADE4B /* ParentView.swift in Sources */ = {isa = PBXBuildFile; fileRef = EB0CCD0A2BD7352F009ADE4B /* ParentView.swift */; };
		EB0CCD0D2BD735E3009ADE4B /* MyVal.swift in Sources */ = {isa = PBXBuildFile; fileRef = EB0CCD0C2BD735E3009ADE4B /* MyVal.swift */; };
		EB0CCD0F2BD73639009ADE4B /* WheelView.swift in Sources */ = {isa = PBXBuildFile; fileRef = EB0CCD0E2BD73639009ADE4B /* WheelView.swift */; };
		EB0CCD112BD737EF009ADE4B /* Direction.swift in Sources */ = {isa = PBXBuildFile; fileRef = EB0CCD102BD737EF009ADE4B /* Direction.swift */; };
		EB0CCD132BD73856009ADE4B /* SettingView.swift in Sources */ = {isa = PBXBuildFile; fileRef = EB0CCD122BD73856009ADE4B /* SettingView.swift */; };
		EB0CCD152BD73877009ADE4B /* GalleryView.swift in Sources */ = {isa = PBXBuildFile; fileRef = EB0CCD142BD73877009ADE4B /* GalleryView.swift */; };
		EB0CCD172BD928BC009ADE4B /* Timeline.swift in Sources */ = {isa = PBXBuildFile; fileRef = EB0CCD162BD928BC009ADE4B /* Timeline.swift */; };
		EB33083E2BC8891F000202C0 /* baby-girl-1.png in Resources */ = {isa = PBXBuildFile; fileRef = EB33083D2BC8891F000202C0 /* baby-girl-1.png */; };
		EB7E400D2BEE03F5006DA8D8 /* MabyKit in Resources */ = {isa = PBXBuildFile; fileRef = EB7E400C2BEE03F5006DA8D8 /* MabyKit */; };
		EB7E400F2BEE0413006DA8D8 /* FloatingButton in Resources */ = {isa = PBXBuildFile; fileRef = EB7E400E2BEE0413006DA8D8 /* FloatingButton */; };
		EB7E40112BEE0444006DA8D8 /* Aespa in Resources */ = {isa = PBXBuildFile; fileRef = EB7E40102BEE0444006DA8D8 /* Aespa */; };
		EB7E40142BEE0465006DA8D8 /* MabyKit in Frameworks */ = {isa = PBXBuildFile; productRef = EB7E40132BEE0465006DA8D8 /* MabyKit */; };
		EB7E40172BEE048D006DA8D8 /* FloatingButton in Frameworks */ = {isa = PBXBuildFile; productRef = EB7E40162BEE048D006DA8D8 /* FloatingButton */; };
		EB7E401A2BEE04B3006DA8D8 /* Aespa in Frameworks */ = {isa = PBXBuildFile; productRef = EB7E40192BEE04B3006DA8D8 /* Aespa */; };
		EB7E401C2BEE08E4006DA8D8 /* Gallery.swift in Sources */ = {isa = PBXBuildFile; fileRef = EB7E401B2BEE08E4006DA8D8 /* Gallery.swift */; };
		EB8F009A2BE65F310057B6AE /* NotificationScheduler.swift in Sources */ = {isa = PBXBuildFile; fileRef = EB8F00992BE65F300057B6AE /* NotificationScheduler.swift */; };
		EB8F009C2BE66EB40057B6AE /* ReminderSectionView.swift in Sources */ = {isa = PBXBuildFile; fileRef = EB8F009B2BE66EB40057B6AE /* ReminderSectionView.swift */; };
		EB8F00B52BEB2A520057B6AE /* Reactions.swift in Sources */ = {isa = PBXBuildFile; fileRef = EB8F00B42BEB2A520057B6AE /* Reactions.swift */; };
/* End PBXBuildFile section */

/* Begin PBXCopyFilesBuildPhase section */
		C90156AA2885BE8600DAC7E7 /* Embed Watch Content */ = {
			isa = PBXCopyFilesBuildPhase;
			buildActionMask = 2147483647;
			dstPath = "$(CONTENTS_FOLDER_PATH)/Watch";
			dstSubfolderSpec = 16;
			files = (
			);
			name = "Embed Watch Content";
			runOnlyForDeploymentPostprocessing = 0;
		};
/* End PBXCopyFilesBuildPhase section */

/* Begin PBXFileReference section */
		C90156692884DF1000DAC7E7 /* AddDiaperEventView.swift */ = {isa = PBXFileReference; lastKnownFileType = sourcecode.swift; path = AddDiaperEventView.swift; sourceTree = "<group>"; };
		C901566B2884DF5500DAC7E7 /* AddEventView.swift */ = {isa = PBXFileReference; lastKnownFileType = sourcecode.swift; path = AddEventView.swift; sourceTree = "<group>"; };
		C901566D2884E37F00DAC7E7 /* AddSleepEventView.swift */ = {isa = PBXFileReference; lastKnownFileType = sourcecode.swift; path = AddSleepEventView.swift; sourceTree = "<group>"; };
		C901566F2884E4B500DAC7E7 /* AddVomitEventView.swift */ = {isa = PBXFileReference; lastKnownFileType = sourcecode.swift; path = AddVomitEventView.swift; sourceTree = "<group>"; };
		C90F725728883B1B005FF2AB /* SettingsView.swift */ = {isa = PBXFileReference; lastKnownFileType = sourcecode.swift; path = SettingsView.swift; sourceTree = "<group>"; };
		C90F72592888432A005FF2AB /* EditBabyDetailsView.swift */ = {isa = PBXFileReference; lastKnownFileType = sourcecode.swift; path = EditBabyDetailsView.swift; sourceTree = "<group>"; };
		C90F725B28884379005FF2AB /* BabyDetailsFormView.swift */ = {isa = PBXFileReference; lastKnownFileType = sourcecode.swift; path = BabyDetailsFormView.swift; sourceTree = "<group>"; };
		C90F725D28884DD6005FF2AB /* RemoveBabyView.swift */ = {isa = PBXFileReference; lastKnownFileType = sourcecode.swift; path = RemoveBabyView.swift; sourceTree = "<group>"; };
		C90F725F2888B0DE005FF2AB /* AddBottleFeedEventView.swift */ = {isa = PBXFileReference; lastKnownFileType = sourcecode.swift; path = AddBottleFeedEventView.swift; sourceTree = "<group>"; };
		C90F72612888B995005FF2AB /* AddBottleFeedEventView.swift */ = {isa = PBXFileReference; lastKnownFileType = sourcecode.swift; path = AddBottleFeedEventView.swift; sourceTree = "<group>"; };
		C91DF4B02884D6110014F602 /* Info.plist */ = {isa = PBXFileReference; lastKnownFileType = text.plist; path = Info.plist; sourceTree = "<group>"; };
		C91DF4B12884D6360014F602 /* MabyWatch Watch App.entitlements */ = {isa = PBXFileReference; lastKnownFileType = text.plist.entitlements; path = "MabyWatch Watch App.entitlements"; sourceTree = "<group>"; };
		C91DF4B22884D6560014F602 /* MabyWatch-Watch-App-Info.plist */ = {isa = PBXFileReference; lastKnownFileType = text.plist; path = "MabyWatch-Watch-App-Info.plist"; sourceTree = SOURCE_ROOT; };
		C938D90828844CE40041A3FA /* AddEventListView.swift */ = {isa = PBXFileReference; lastKnownFileType = sourcecode.swift; path = AddEventListView.swift; sourceTree = "<group>"; };
		C938D90C28844F0A0041A3FA /* AddNursingEventView.swift */ = {isa = PBXFileReference; lastKnownFileType = sourcecode.swift; path = AddNursingEventView.swift; sourceTree = "<group>"; };
		C953DD3C287E0C0700F1E1B7 /* AddEventListView.swift */ = {isa = PBXFileReference; lastKnownFileType = sourcecode.swift; path = AddEventListView.swift; sourceTree = "<group>"; };
		C953DD40287F011B00F1E1B7 /* AddDiaperEventView.swift */ = {isa = PBXFileReference; lastKnownFileType = sourcecode.swift; path = AddDiaperEventView.swift; sourceTree = "<group>"; };
		C953DD42287F206400F1E1B7 /* AddNursingEventView.swift */ = {isa = PBXFileReference; lastKnownFileType = sourcecode.swift; path = AddNursingEventView.swift; sourceTree = "<group>"; };
		C953DD44287F253800F1E1B7 /* AddSleepEventView.swift */ = {isa = PBXFileReference; lastKnownFileType = sourcecode.swift; path = AddSleepEventView.swift; sourceTree = "<group>"; };
		C969734A2881B0FA00156287 /* AddEventView.swift */ = {isa = PBXFileReference; lastKnownFileType = sourcecode.swift; path = AddEventView.swift; sourceTree = "<group>"; };
		C969734C2881EF4400156287 /* AddVomitEventView.swift */ = {isa = PBXFileReference; lastKnownFileType = sourcecode.swift; path = AddVomitEventView.swift; sourceTree = "<group>"; };
		C9A78ACC2884387D00753D58 /* MabyWatchApp.swift */ = {isa = PBXFileReference; lastKnownFileType = sourcecode.swift; path = MabyWatchApp.swift; sourceTree = "<group>"; };
		C9A78ACE2884387D00753D58 /* ContentView.swift */ = {isa = PBXFileReference; lastKnownFileType = sourcecode.swift; path = ContentView.swift; sourceTree = "<group>"; };
		C9A78AD02884387F00753D58 /* Assets.xcassets */ = {isa = PBXFileReference; lastKnownFileType = folder.assetcatalog; path = Assets.xcassets; sourceTree = "<group>"; };
		C9A78AD32884387F00753D58 /* Preview Assets.xcassets */ = {isa = PBXFileReference; lastKnownFileType = folder.assetcatalog; path = "Preview Assets.xcassets"; sourceTree = "<group>"; };
		C9B95D08287CA02400ADC43F /* View+Extensions.swift */ = {isa = PBXFileReference; lastKnownFileType = sourcecode.swift; path = "View+Extensions.swift"; sourceTree = "<group>"; };
		C9B95D0C287DA6C800ADC43F /* JournalView.swift */ = {isa = PBXFileReference; lastKnownFileType = sourcecode.swift; path = JournalView.swift; sourceTree = "<group>"; };
		C9B95D11287DA9D000ADC43F /* AddBabyView.swift */ = {isa = PBXFileReference; lastKnownFileType = sourcecode.swift; path = AddBabyView.swift; sourceTree = "<group>"; };
		C9B95D13287DAD9C00ADC43F /* ButtonStyles.swift */ = {isa = PBXFileReference; lastKnownFileType = sourcecode.swift; path = ButtonStyles.swift; sourceTree = "<group>"; };
		C9B95D15287DF50D00ADC43F /* BabyCard.swift */ = {isa = PBXFileReference; lastKnownFileType = sourcecode.swift; path = BabyCard.swift; sourceTree = "<group>"; };
		C9D2C0822880D1DC00F85D8F /* EventView.swift */ = {isa = PBXFileReference; lastKnownFileType = sourcecode.swift; path = EventView.swift; sourceTree = "<group>"; };
		C9ED2E9E287C745100BA3228 /* Joyful.app */ = {isa = PBXFileReference; explicitFileType = wrapper.application; includeInIndex = 0; path = Joyful.app; sourceTree = BUILT_PRODUCTS_DIR; };
		C9ED2EA1287C745100BA3228 /* MabyApp.swift */ = {isa = PBXFileReference; lastKnownFileType = sourcecode.swift; path = MabyApp.swift; sourceTree = "<group>"; };
		C9ED2EA8287C745100BA3228 /* ContentView.swift */ = {isa = PBXFileReference; lastKnownFileType = sourcecode.swift; path = ContentView.swift; sourceTree = "<group>"; };
		C9ED2EAA287C745300BA3228 /* Assets.xcassets */ = {isa = PBXFileReference; lastKnownFileType = folder.assetcatalog; path = Assets.xcassets; sourceTree = "<group>"; };
		C9ED2EAC287C745300BA3228 /* Maby.entitlements */ = {isa = PBXFileReference; lastKnownFileType = text.plist.entitlements; path = Maby.entitlements; sourceTree = "<group>"; };
		C9ED2EAE287C745300BA3228 /* Preview Assets.xcassets */ = {isa = PBXFileReference; lastKnownFileType = folder.assetcatalog; path = "Preview Assets.xcassets"; sourceTree = "<group>"; };
		EB0CCCBD2BCDF9CE009ADE4B /* AddBreastPumpEventView.swift */ = {isa = PBXFileReference; lastKnownFileType = sourcecode.swift; path = AddBreastPumpEventView.swift; sourceTree = "<group>"; };
		EB0CCCBF2BD07ABD009ADE4B /* AddBathingView.swift */ = {isa = PBXFileReference; lastKnownFileType = sourcecode.swift; path = AddBathingView.swift; sourceTree = "<group>"; };
		EB0CCCC12BD0845F009ADE4B /* AddActivityView.swift */ = {isa = PBXFileReference; lastKnownFileType = sourcecode.swift; path = AddActivityView.swift; sourceTree = "<group>"; };
		EB0CCCC42BD3720E009ADE4B /* ChartView.swift */ = {isa = PBXFileReference; lastKnownFileType = sourcecode.swift; path = ChartView.swift; sourceTree = "<group>"; };
		EB0CCCC62BD41976009ADE4B /* SplashView.swift */ = {isa = PBXFileReference; lastKnownFileType = sourcecode.swift; path = SplashView.swift; sourceTree = "<group>"; };
		EB0CCCC82BD41B95009ADE4B /* lilyan.jpg */ = {isa = PBXFileReference; lastKnownFileType = image.jpeg; name = lilyan.jpg; path = ../../Documents/lilyan.jpg; sourceTree = "<group>"; };
		EB0CCCFC2BD73390009ADE4B /* HomeView.swift */ = {isa = PBXFileReference; lastKnownFileType = sourcecode.swift; path = HomeView.swift; sourceTree = "<group>"; };
		EB0CCCFF2BD733EA009ADE4B /* PhotoView.swift */ = {isa = PBXFileReference; lastKnownFileType = sourcecode.swift; path = PhotoView.swift; sourceTree = "<group>"; };
		EB0CCD012BD7345E009ADE4B /* VideoContentView.swift */ = {isa = PBXFileReference; lastKnownFileType = sourcecode.swift; path = VideoContentView.swift; sourceTree = "<group>"; };
		EB0CCD062BD734BA009ADE4B /* VideoContentViewModel.swift */ = {isa = PBXFileReference; lastKnownFileType = sourcecode.swift; path = VideoContentViewModel.swift; sourceTree = "<group>"; };
		EB0CCD082BD734F5009ADE4B /* PhotoPickerView.swift */ = {isa = PBXFileReference; lastKnownFileType = sourcecode.swift; path = PhotoPickerView.swift; sourceTree = "<group>"; };
		EB0CCD0A2BD7352F009ADE4B /* ParentView.swift */ = {isa = PBXFileReference; lastKnownFileType = sourcecode.swift; path = ParentView.swift; sourceTree = "<group>"; };
		EB0CCD0C2BD735E3009ADE4B /* MyVal.swift */ = {isa = PBXFileReference; lastKnownFileType = sourcecode.swift; path = MyVal.swift; sourceTree = "<group>"; };
		EB0CCD0E2BD73639009ADE4B /* WheelView.swift */ = {isa = PBXFileReference; lastKnownFileType = sourcecode.swift; path = WheelView.swift; sourceTree = "<group>"; };
		EB0CCD102BD737EF009ADE4B /* Direction.swift */ = {isa = PBXFileReference; lastKnownFileType = sourcecode.swift; path = Direction.swift; sourceTree = "<group>"; };
		EB0CCD122BD73856009ADE4B /* SettingView.swift */ = {isa = PBXFileReference; lastKnownFileType = sourcecode.swift; path = SettingView.swift; sourceTree = "<group>"; };
		EB0CCD142BD73877009ADE4B /* GalleryView.swift */ = {isa = PBXFileReference; lastKnownFileType = sourcecode.swift; path = GalleryView.swift; sourceTree = "<group>"; };
		EB0CCD162BD928BC009ADE4B /* Timeline.swift */ = {isa = PBXFileReference; lastKnownFileType = sourcecode.swift; path = Timeline.swift; sourceTree = "<group>"; };
		EB33083D2BC8891F000202C0 /* baby-girl-1.png */ = {isa = PBXFileReference; lastKnownFileType = image.png; name = "baby-girl-1.png"; path = "../../Downloads/baby-girl-1.png"; sourceTree = "<group>"; };
		EB7E400C2BEE03F5006DA8D8 /* MabyKit */ = {isa = PBXFileReference; lastKnownFileType = wrapper; path = MabyKit; sourceTree = "<group>"; };
		EB7E400E2BEE0413006DA8D8 /* FloatingButton */ = {isa = PBXFileReference; lastKnownFileType = wrapper; name = FloatingButton; path = ../FloatingButton; sourceTree = "<group>"; };
		EB7E40102BEE0444006DA8D8 /* Aespa */ = {isa = PBXFileReference; lastKnownFileType = wrapper; name = Aespa; path = ../Aespa; sourceTree = "<group>"; };
		EB7E401B2BEE08E4006DA8D8 /* Gallery.swift */ = {isa = PBXFileReference; lastKnownFileType = sourcecode.swift; path = Gallery.swift; sourceTree = "<group>"; };
		EB8F00992BE65F300057B6AE /* NotificationScheduler.swift */ = {isa = PBXFileReference; lastKnownFileType = sourcecode.swift; path = NotificationScheduler.swift; sourceTree = "<group>"; };
		EB8F009B2BE66EB40057B6AE /* ReminderSectionView.swift */ = {isa = PBXFileReference; lastKnownFileType = sourcecode.swift; path = ReminderSectionView.swift; sourceTree = "<group>"; };
		EB8F00AA2BEA74AA0057B6AE /* Package.swift */ = {isa = PBXFileReference; lastKnownFileType = sourcecode.swift; name = Package.swift; path = ../PermissionsSwiftUI/Package.swift; sourceTree = "<group>"; };
		EB8F00B42BEB2A520057B6AE /* Reactions.swift */ = {isa = PBXFileReference; lastKnownFileType = sourcecode.swift; path = Reactions.swift; sourceTree = "<group>"; };
/* End PBXFileReference section */

/* Begin PBXFrameworksBuildPhase section */
		C9ED2E9B287C745100BA3228 /* Frameworks */ = {
			isa = PBXFrameworksBuildPhase;
			buildActionMask = 2147483647;
			files = (
				EB7E401A2BEE04B3006DA8D8 /* Aespa in Frameworks */,
				EB7E40172BEE048D006DA8D8 /* FloatingButton in Frameworks */,
				EB7E40142BEE0465006DA8D8 /* MabyKit in Frameworks */,
			);
			runOnlyForDeploymentPostprocessing = 0;
		};
/* End PBXFrameworksBuildPhase section */

/* Begin PBXGroup section */
		C90F725628883B10005FF2AB /* Settings */ = {
			isa = PBXGroup;
			children = (
				C9B95D11287DA9D000ADC43F /* AddBabyView.swift */,
				C90F72592888432A005FF2AB /* EditBabyDetailsView.swift */,
				C90F725728883B1B005FF2AB /* SettingsView.swift */,
				C90F725B28884379005FF2AB /* BabyDetailsFormView.swift */,
				C90F725D28884DD6005FF2AB /* RemoveBabyView.swift */,
			);
			path = Settings;
			sourceTree = "<group>";
		};
		C938D90A28844CEA0041A3FA /* Events */ = {
			isa = PBXGroup;
			children = (
				C938D90828844CE40041A3FA /* AddEventListView.swift */,
				C938D90C28844F0A0041A3FA /* AddNursingEventView.swift */,
				C90156692884DF1000DAC7E7 /* AddDiaperEventView.swift */,
				C901566B2884DF5500DAC7E7 /* AddEventView.swift */,
				C901566D2884E37F00DAC7E7 /* AddSleepEventView.swift */,
				C901566F2884E4B500DAC7E7 /* AddVomitEventView.swift */,
				C90F72612888B995005FF2AB /* AddBottleFeedEventView.swift */,
			);
			path = Events;
			sourceTree = "<group>";
		};
		C953DD39287E0B3E00F1E1B7 /* Events */ = {
			isa = PBXGroup;
			children = (
				C953DD3C287E0C0700F1E1B7 /* AddEventListView.swift */,
				C969734A2881B0FA00156287 /* AddEventView.swift */,
				C953DD40287F011B00F1E1B7 /* AddDiaperEventView.swift */,
				C953DD42287F206400F1E1B7 /* AddNursingEventView.swift */,
				C953DD44287F253800F1E1B7 /* AddSleepEventView.swift */,
				C9D2C0822880D1DC00F85D8F /* EventView.swift */,
				C969734C2881EF4400156287 /* AddVomitEventView.swift */,
				C90F725F2888B0DE005FF2AB /* AddBottleFeedEventView.swift */,
				EB0CCCBD2BCDF9CE009ADE4B /* AddBreastPumpEventView.swift */,
				EB0CCCBF2BD07ABD009ADE4B /* AddBathingView.swift */,
				EB0CCCC12BD0845F009ADE4B /* AddActivityView.swift */,
			);
			path = Events;
			sourceTree = "<group>";
		};
		C9A78ACB2884387D00753D58 /* MabyWatch Watch App */ = {
			isa = PBXGroup;
			children = (
				C91DF4B22884D6560014F602 /* MabyWatch-Watch-App-Info.plist */,
				C91DF4B12884D6360014F602 /* MabyWatch Watch App.entitlements */,
				C938D90A28844CEA0041A3FA /* Events */,
				C9A78ACC2884387D00753D58 /* MabyWatchApp.swift */,
				C9A78ACE2884387D00753D58 /* ContentView.swift */,
				C9A78AD02884387F00753D58 /* Assets.xcassets */,
				C9A78AD22884387F00753D58 /* Preview Content */,
			);
			path = "MabyWatch Watch App";
			sourceTree = "<group>";
		};
		C9A78AD22884387F00753D58 /* Preview Content */ = {
			isa = PBXGroup;
			children = (
				C9A78AD32884387F00753D58 /* Preview Assets.xcassets */,
			);
			path = "Preview Content";
			sourceTree = "<group>";
		};
		C9B95D07287CA01800ADC43F /* Common */ = {
			isa = PBXGroup;
			children = (
				C9B95D08287CA02400ADC43F /* View+Extensions.swift */,
				C9B95D13287DAD9C00ADC43F /* ButtonStyles.swift */,
				EB8F00992BE65F300057B6AE /* NotificationScheduler.swift */,
				EB8F009B2BE66EB40057B6AE /* ReminderSectionView.swift */,
			);
			path = Common;
			sourceTree = "<group>";
		};
		C9B95D0B287DA6BF00ADC43F /* Journal */ = {
			isa = PBXGroup;
			children = (
				C9B95D0C287DA6C800ADC43F /* JournalView.swift */,
			);
			path = Journal;
			sourceTree = "<group>";
		};
		C9ED2E95287C745100BA3228 = {
			isa = PBXGroup;
			children = (
				EB7E40102BEE0444006DA8D8 /* Aespa */,
				EB7E400E2BEE0413006DA8D8 /* FloatingButton */,
				EB7E400C2BEE03F5006DA8D8 /* MabyKit */,
				C9ED2EA0287C745100BA3228 /* Maby */,
				C9A78ACB2884387D00753D58 /* MabyWatch Watch App */,
				C9ED2E9F287C745100BA3228 /* Products */,
				C9ED2ED3287C98C000BA3228 /* Frameworks */,
			);
			sourceTree = "<group>";
		};
		C9ED2E9F287C745100BA3228 /* Products */ = {
			isa = PBXGroup;
			children = (
				C9ED2E9E287C745100BA3228 /* Joyful.app */,
			);
			name = Products;
			sourceTree = "<group>";
		};
		C9ED2EA0287C745100BA3228 /* Maby */ = {
			isa = PBXGroup;
			children = (
				EB0CCCC82BD41B95009ADE4B /* lilyan.jpg */,
				EB33083D2BC8891F000202C0 /* baby-girl-1.png */,
				C91DF4B02884D6110014F602 /* Info.plist */,
				C9ED2EAA287C745300BA3228 /* Assets.xcassets */,
				C9ED2EAC287C745300BA3228 /* Maby.entitlements */,
				EB0CCCC32BD371F9009ADE4B /* Chart */,
				C90F725628883B10005FF2AB /* Settings */,
				C953DD39287E0B3E00F1E1B7 /* Events */,
				C9B95D0B287DA6BF00ADC43F /* Journal */,
				C9ED2EAD287C745300BA3228 /* Preview Content */,
				EB0CCCFE2BD733C3009ADE4B /* Moments */,
				C9B95D07287CA01800ADC43F /* Common */,
				C9B95D15287DF50D00ADC43F /* BabyCard.swift */,
				C9ED2EA1287C745100BA3228 /* MabyApp.swift */,
				C9ED2EA8287C745100BA3228 /* ContentView.swift */,
				EB0CCCC62BD41976009ADE4B /* SplashView.swift */,
				EB0CCD162BD928BC009ADE4B /* Timeline.swift */,
				EB7E401B2BEE08E4006DA8D8 /* Gallery.swift */,
			);
			path = Maby;
			sourceTree = "<group>";
		};
		C9ED2EAD287C745300BA3228 /* Preview Content */ = {
			isa = PBXGroup;
			children = (
				C9ED2EAE287C745300BA3228 /* Preview Assets.xcassets */,
			);
			path = "Preview Content";
			sourceTree = "<group>";
		};
		C9ED2ED3287C98C000BA3228 /* Frameworks */ = {
			isa = PBXGroup;
			children = (
				EB8F00AA2BEA74AA0057B6AE /* Package.swift */,
			);
			name = Frameworks;
			sourceTree = "<group>";
		};
		EB0CCCC32BD371F9009ADE4B /* Chart */ = {
			isa = PBXGroup;
			children = (
				EB0CCCC42BD3720E009ADE4B /* ChartView.swift */,
			);
			path = Chart;
			sourceTree = "<group>";
		};
		EB0CCCFE2BD733C3009ADE4B /* Moments */ = {
			isa = PBXGroup;
			children = (
				EB0CCCFC2BD73390009ADE4B /* HomeView.swift */,
				EB0CCCFF2BD733EA009ADE4B /* PhotoView.swift */,
				EB0CCD012BD7345E009ADE4B /* VideoContentView.swift */,
				EB0CCD062BD734BA009ADE4B /* VideoContentViewModel.swift */,
				EB0CCD082BD734F5009ADE4B /* PhotoPickerView.swift */,
				EB0CCD0A2BD7352F009ADE4B /* ParentView.swift */,
				EB0CCD0C2BD735E3009ADE4B /* MyVal.swift */,
				EB0CCD0E2BD73639009ADE4B /* WheelView.swift */,
				EB0CCD102BD737EF009ADE4B /* Direction.swift */,
				EB0CCD122BD73856009ADE4B /* SettingView.swift */,
				EB0CCD142BD73877009ADE4B /* GalleryView.swift */,
				EB8F00B42BEB2A520057B6AE /* Reactions.swift */,
			);
			path = Moments;
			sourceTree = "<group>";
		};
/* End PBXGroup section */

/* Begin PBXNativeTarget section */
		C9ED2E9D287C745100BA3228 /* Joyful */ = {
			isa = PBXNativeTarget;
			buildConfigurationList = C9ED2EC8287C745300BA3228 /* Build configuration list for PBXNativeTarget "Joyful" */;
			buildPhases = (
				C9ED2E9A287C745100BA3228 /* Sources */,
				C9ED2E9B287C745100BA3228 /* Frameworks */,
				C9ED2E9C287C745100BA3228 /* Resources */,
				C90156AA2885BE8600DAC7E7 /* Embed Watch Content */,
			);
			buildRules = (
			);
			dependencies = (
			);
			name = Joyful;
			packageProductDependencies = (
				EB7E40132BEE0465006DA8D8 /* MabyKit */,
				EB7E40162BEE048D006DA8D8 /* FloatingButton */,
				EB7E40192BEE04B3006DA8D8 /* Aespa */,
			);
			productName = Maby;
			productReference = C9ED2E9E287C745100BA3228 /* Joyful.app */;
			productType = "com.apple.product-type.application";
		};
/* End PBXNativeTarget section */

/* Begin PBXProject section */
		C9ED2E96287C745100BA3228 /* Project object */ = {
			isa = PBXProject;
			attributes = {
				BuildIndependentTargetsInParallel = 1;
				LastSwiftUpdateCheck = 1400;
				LastUpgradeCheck = 1400;
				TargetAttributes = {
					C9ED2E9D287C745100BA3228 = {
						CreatedOnToolsVersion = 14.0;
					};
				};
			};
			buildConfigurationList = C9ED2E99287C745100BA3228 /* Build configuration list for PBXProject "Maby" */;
			compatibilityVersion = "Xcode 14.0";
			developmentRegion = en;
			hasScannedForEncodings = 0;
			knownRegions = (
				en,
				Base,
			);
			mainGroup = C9ED2E95287C745100BA3228;
			packageReferences = (
				EB7E40122BEE0465006DA8D8 /* XCLocalSwiftPackageReference "MabyKit" */,
				EB7E40152BEE048D006DA8D8 /* XCLocalSwiftPackageReference "../FloatingButton" */,
				EB7E40182BEE04B3006DA8D8 /* XCLocalSwiftPackageReference "../Aespa" */,
			);
			productRefGroup = C9ED2E9F287C745100BA3228 /* Products */;
			projectDirPath = "";
			projectRoot = "";
			targets = (
				C9ED2E9D287C745100BA3228 /* Joyful */,
			);
		};
/* End PBXProject section */

/* Begin PBXResourcesBuildPhase section */
		C9ED2E9C287C745100BA3228 /* Resources */ = {
			isa = PBXResourcesBuildPhase;
			buildActionMask = 2147483647;
			files = (
				EB7E400F2BEE0413006DA8D8 /* FloatingButton in Resources */,
				EB33083E2BC8891F000202C0 /* baby-girl-1.png in Resources */,
				EB7E400D2BEE03F5006DA8D8 /* MabyKit in Resources */,
				C9ED2EAF287C745300BA3228 /* Preview Assets.xcassets in Resources */,
				EB0CCCC92BD41B95009ADE4B /* lilyan.jpg in Resources */,
				C9ED2EAB287C745300BA3228 /* Assets.xcassets in Resources */,
				EB7E40112BEE0444006DA8D8 /* Aespa in Resources */,
			);
			runOnlyForDeploymentPostprocessing = 0;
		};
/* End PBXResourcesBuildPhase section */

/* Begin PBXSourcesBuildPhase section */
		C9ED2E9A287C745100BA3228 /* Sources */ = {
			isa = PBXSourcesBuildPhase;
			buildActionMask = 2147483647;
			files = (
				C90F725828883B1B005FF2AB /* SettingsView.swift in Sources */,
				C953DD43287F206400F1E1B7 /* AddNursingEventView.swift in Sources */,
				EB8F00B52BEB2A520057B6AE /* Reactions.swift in Sources */,
				C9B95D12287DA9D000ADC43F /* AddBabyView.swift in Sources */,
				C9B95D16287DF50D00ADC43F /* BabyCard.swift in Sources */,
				EB0CCD132BD73856009ADE4B /* SettingView.swift in Sources */,
				EB0CCD072BD734BA009ADE4B /* VideoContentViewModel.swift in Sources */,
				EB0CCD022BD7345E009ADE4B /* VideoContentView.swift in Sources */,
				C9D2C0832880D1DC00F85D8F /* EventView.swift in Sources */,
				EB0CCD0F2BD73639009ADE4B /* WheelView.swift in Sources */,
				C9ED2EA2287C745100BA3228 /* MabyApp.swift in Sources */,
				EB0CCCC52BD3720E009ADE4B /* ChartView.swift in Sources */,
				EB0CCCFD2BD73391009ADE4B /* HomeView.swift in Sources */,
				C969734B2881B0FA00156287 /* AddEventView.swift in Sources */,
				C90F725C28884379005FF2AB /* BabyDetailsFormView.swift in Sources */,
				C953DD41287F011B00F1E1B7 /* AddDiaperEventView.swift in Sources */,
				EB7E401C2BEE08E4006DA8D8 /* Gallery.swift in Sources */,
				EB0CCCC72BD41976009ADE4B /* SplashView.swift in Sources */,
				EB0CCD0D2BD735E3009ADE4B /* MyVal.swift in Sources */,
				C953DD3D287E0C0700F1E1B7 /* AddEventListView.swift in Sources */,
				EB0CCCBE2BCDF9CE009ADE4B /* AddBreastPumpEventView.swift in Sources */,
				C90F725E28884DD6005FF2AB /* RemoveBabyView.swift in Sources */,
				EB0CCCC02BD07ABD009ADE4B /* AddBathingView.swift in Sources */,
				EB0CCD0B2BD7352F009ADE4B /* ParentView.swift in Sources */,
				EB0CCD092BD734F5009ADE4B /* PhotoPickerView.swift in Sources */,
				C90F725A2888432A005FF2AB /* EditBabyDetailsView.swift in Sources */,
				EB8F009A2BE65F310057B6AE /* NotificationScheduler.swift in Sources */,
				C9B95D09287CA02400ADC43F /* View+Extensions.swift in Sources */,
				C90F72602888B0DE005FF2AB /* AddBottleFeedEventView.swift in Sources */,
				C969734D2881EF4400156287 /* AddVomitEventView.swift in Sources */,
				C9B95D14287DAD9C00ADC43F /* ButtonStyles.swift in Sources */,
				EB0CCCC22BD0845F009ADE4B /* AddActivityView.swift in Sources */,
				C953DD45287F253800F1E1B7 /* AddSleepEventView.swift in Sources */,
				EB0CCD002BD733EA009ADE4B /* PhotoView.swift in Sources */,
				C9B95D0D287DA6C800ADC43F /* JournalView.swift in Sources */,
				EB0CCD152BD73877009ADE4B /* GalleryView.swift in Sources */,
				EB8F009C2BE66EB40057B6AE /* ReminderSectionView.swift in Sources */,
				EB0CCD172BD928BC009ADE4B /* Timeline.swift in Sources */,
				C9ED2EA9287C745100BA3228 /* ContentView.swift in Sources */,
				EB0CCD112BD737EF009ADE4B /* Direction.swift in Sources */,
			);
			runOnlyForDeploymentPostprocessing = 0;
		};
/* End PBXSourcesBuildPhase section */

/* Begin XCBuildConfiguration section */
		C9ED2EC6287C745300BA3228 /* Debug */ = {
			isa = XCBuildConfiguration;
			buildSettings = {
				ALWAYS_SEARCH_USER_PATHS = NO;
				CLANG_ANALYZER_NONNULL = YES;
				CLANG_ANALYZER_NUMBER_OBJECT_CONVERSION = YES_AGGRESSIVE;
				CLANG_CXX_LANGUAGE_STANDARD = "gnu++17";
				CLANG_ENABLE_MODULES = YES;
				CLANG_ENABLE_OBJC_ARC = YES;
				CLANG_ENABLE_OBJC_WEAK = YES;
				CLANG_WARN_BLOCK_CAPTURE_AUTORELEASING = YES;
				CLANG_WARN_BOOL_CONVERSION = YES;
				CLANG_WARN_COMMA = YES;
				CLANG_WARN_CONSTANT_CONVERSION = YES;
				CLANG_WARN_DEPRECATED_OBJC_IMPLEMENTATIONS = YES;
				CLANG_WARN_DIRECT_OBJC_ISA_USAGE = YES_ERROR;
				CLANG_WARN_DOCUMENTATION_COMMENTS = YES;
				CLANG_WARN_EMPTY_BODY = YES;
				CLANG_WARN_ENUM_CONVERSION = YES;
				CLANG_WARN_INFINITE_RECURSION = YES;
				CLANG_WARN_INT_CONVERSION = YES;
				CLANG_WARN_NON_LITERAL_NULL_CONVERSION = YES;
				CLANG_WARN_OBJC_IMPLICIT_RETAIN_SELF = YES;
				CLANG_WARN_OBJC_LITERAL_CONVERSION = YES;
				CLANG_WARN_OBJC_ROOT_CLASS = YES_ERROR;
				CLANG_WARN_QUOTED_INCLUDE_IN_FRAMEWORK_HEADER = YES;
				CLANG_WARN_RANGE_LOOP_ANALYSIS = YES;
				CLANG_WARN_STRICT_PROTOTYPES = YES;
				CLANG_WARN_SUSPICIOUS_MOVE = YES;
				CLANG_WARN_UNGUARDED_AVAILABILITY = YES_AGGRESSIVE;
				CLANG_WARN_UNREACHABLE_CODE = YES;
				CLANG_WARN__DUPLICATE_METHOD_MATCH = YES;
				COPY_PHASE_STRIP = NO;
				DEBUG_INFORMATION_FORMAT = dwarf;
				ENABLE_STRICT_OBJC_MSGSEND = YES;
				ENABLE_TESTABILITY = YES;
				GCC_C_LANGUAGE_STANDARD = gnu11;
				GCC_DYNAMIC_NO_PIC = NO;
				GCC_NO_COMMON_BLOCKS = YES;
				GCC_OPTIMIZATION_LEVEL = 0;
				GCC_PREPROCESSOR_DEFINITIONS = (
					"DEBUG=1",
					"$(inherited)",
				);
				GCC_WARN_64_TO_32_BIT_CONVERSION = YES;
				GCC_WARN_ABOUT_RETURN_TYPE = YES_ERROR;
				GCC_WARN_UNDECLARED_SELECTOR = YES;
				GCC_WARN_UNINITIALIZED_AUTOS = YES_AGGRESSIVE;
				GCC_WARN_UNUSED_FUNCTION = YES;
				GCC_WARN_UNUSED_VARIABLE = YES;
				IPHONEOS_DEPLOYMENT_TARGET = 17.0;
				MTL_ENABLE_DEBUG_INFO = INCLUDE_SOURCE;
				MTL_FAST_MATH = YES;
				ONLY_ACTIVE_ARCH = YES;
				SWIFT_ACTIVE_COMPILATION_CONDITIONS = DEBUG;
				SWIFT_OPTIMIZATION_LEVEL = "-Onone";
			};
			name = Debug;
		};
		C9ED2EC7287C745300BA3228 /* Release */ = {
			isa = XCBuildConfiguration;
			buildSettings = {
				ALWAYS_SEARCH_USER_PATHS = NO;
				CLANG_ANALYZER_NONNULL = YES;
				CLANG_ANALYZER_NUMBER_OBJECT_CONVERSION = YES_AGGRESSIVE;
				CLANG_CXX_LANGUAGE_STANDARD = "gnu++17";
				CLANG_ENABLE_MODULES = YES;
				CLANG_ENABLE_OBJC_ARC = YES;
				CLANG_ENABLE_OBJC_WEAK = YES;
				CLANG_WARN_BLOCK_CAPTURE_AUTORELEASING = YES;
				CLANG_WARN_BOOL_CONVERSION = YES;
				CLANG_WARN_COMMA = YES;
				CLANG_WARN_CONSTANT_CONVERSION = YES;
				CLANG_WARN_DEPRECATED_OBJC_IMPLEMENTATIONS = YES;
				CLANG_WARN_DIRECT_OBJC_ISA_USAGE = YES_ERROR;
				CLANG_WARN_DOCUMENTATION_COMMENTS = YES;
				CLANG_WARN_EMPTY_BODY = YES;
				CLANG_WARN_ENUM_CONVERSION = YES;
				CLANG_WARN_INFINITE_RECURSION = YES;
				CLANG_WARN_INT_CONVERSION = YES;
				CLANG_WARN_NON_LITERAL_NULL_CONVERSION = YES;
				CLANG_WARN_OBJC_IMPLICIT_RETAIN_SELF = YES;
				CLANG_WARN_OBJC_LITERAL_CONVERSION = YES;
				CLANG_WARN_OBJC_ROOT_CLASS = YES_ERROR;
				CLANG_WARN_QUOTED_INCLUDE_IN_FRAMEWORK_HEADER = YES;
				CLANG_WARN_RANGE_LOOP_ANALYSIS = YES;
				CLANG_WARN_STRICT_PROTOTYPES = YES;
				CLANG_WARN_SUSPICIOUS_MOVE = YES;
				CLANG_WARN_UNGUARDED_AVAILABILITY = YES_AGGRESSIVE;
				CLANG_WARN_UNREACHABLE_CODE = YES;
				CLANG_WARN__DUPLICATE_METHOD_MATCH = YES;
				COPY_PHASE_STRIP = NO;
				DEBUG_INFORMATION_FORMAT = "dwarf-with-dsym";
				ENABLE_NS_ASSERTIONS = NO;
				ENABLE_STRICT_OBJC_MSGSEND = YES;
				GCC_C_LANGUAGE_STANDARD = gnu11;
				GCC_NO_COMMON_BLOCKS = YES;
				GCC_WARN_64_TO_32_BIT_CONVERSION = YES;
				GCC_WARN_ABOUT_RETURN_TYPE = YES_ERROR;
				GCC_WARN_UNDECLARED_SELECTOR = YES;
				GCC_WARN_UNINITIALIZED_AUTOS = YES_AGGRESSIVE;
				GCC_WARN_UNUSED_FUNCTION = YES;
				GCC_WARN_UNUSED_VARIABLE = YES;
				IPHONEOS_DEPLOYMENT_TARGET = 17.0;
				MTL_ENABLE_DEBUG_INFO = NO;
				MTL_FAST_MATH = YES;
				SWIFT_COMPILATION_MODE = wholemodule;
				SWIFT_OPTIMIZATION_LEVEL = "-O";
			};
			name = Release;
		};
		C9ED2EC9287C745300BA3228 /* Debug */ = {
			isa = XCBuildConfiguration;
			buildSettings = {
				ASSETCATALOG_COMPILER_APPICON_NAME = AppIcon;
				ASSETCATALOG_COMPILER_GLOBAL_ACCENT_COLOR_NAME = AccentColor;
				CODE_SIGN_ENTITLEMENTS = Maby/Maby.entitlements;
				CODE_SIGN_STYLE = Automatic;
				CURRENT_PROJECT_VERSION = 4;
				DEVELOPMENT_ASSET_PATHS = "\"Maby/Preview Content\"";
				DEVELOPMENT_TEAM = CH2CHWN4XN;
				ENABLE_HARDENED_RUNTIME = YES;
				ENABLE_PREVIEWS = YES;
				GENERATE_INFOPLIST_FILE = YES;
				INFOPLIST_FILE = Maby/Info.plist;
				INFOPLIST_KEY_LSApplicationCategoryType = "public.app-category.medical";
				INFOPLIST_KEY_NSCameraUsageDescription = "Joyful picture and video usage.";
				INFOPLIST_KEY_NSMicrophoneUsageDescription = "Joyful microphone usage for video recording.";
				INFOPLIST_KEY_NSPhotoLibraryUsageDescription = "Joyful picture and video library usage.";
				"INFOPLIST_KEY_UILaunchScreen_Generation[sdk=iphoneos*]" = YES;
				"INFOPLIST_KEY_UILaunchScreen_Generation[sdk=iphonesimulator*]" = YES;
				INFOPLIST_KEY_UISupportedInterfaceOrientations = UIInterfaceOrientationPortrait;
				INFOPLIST_KEY_UISupportedInterfaceOrientations_iPad = "UIInterfaceOrientationLandscapeLeft UIInterfaceOrientationLandscapeRight UIInterfaceOrientationPortrait UIInterfaceOrientationPortraitUpsideDown";
				IPHONEOS_DEPLOYMENT_TARGET = 17.0;
				LD_RUNPATH_SEARCH_PATHS = "@executable_path/Frameworks";
				"LD_RUNPATH_SEARCH_PATHS[sdk=macosx*]" = "@executable_path/../Frameworks";
				MACOSX_DEPLOYMENT_TARGET = 13.0;
				MARKETING_VERSION = 1.0;
				PRODUCT_BUNDLE_IDENTIFIER = io.sleepyfran.Maby;
				PRODUCT_NAME = "$(TARGET_NAME)";
				SDKROOT = auto;
				SUPPORTED_PLATFORMS = "iphoneos iphonesimulator";
				SUPPORTS_MACCATALYST = NO;
				SUPPORTS_MAC_DESIGNED_FOR_IPHONE_IPAD = NO;
				SWIFT_EMIT_LOC_STRINGS = YES;
				SWIFT_VERSION = 5.0;
				TARGETED_DEVICE_FAMILY = "1,2";
			};
			name = Debug;
		};
		C9ED2ECA287C745300BA3228 /* Release */ = {
			isa = XCBuildConfiguration;
			buildSettings = {
				ASSETCATALOG_COMPILER_APPICON_NAME = AppIcon;
				ASSETCATALOG_COMPILER_GLOBAL_ACCENT_COLOR_NAME = AccentColor;
				CODE_SIGN_ENTITLEMENTS = Maby/Maby.entitlements;
				CODE_SIGN_STYLE = Automatic;
				CURRENT_PROJECT_VERSION = 4;
				DEVELOPMENT_ASSET_PATHS = "\"Maby/Preview Content\"";
				DEVELOPMENT_TEAM = CH2CHWN4XN;
				ENABLE_HARDENED_RUNTIME = YES;
				ENABLE_PREVIEWS = YES;
				GENERATE_INFOPLIST_FILE = YES;
				INFOPLIST_FILE = Maby/Info.plist;
				INFOPLIST_KEY_LSApplicationCategoryType = "public.app-category.medical";
				INFOPLIST_KEY_NSCameraUsageDescription = "Joyful picture and video usage.";
				INFOPLIST_KEY_NSMicrophoneUsageDescription = "Joyful microphone usage for video recording.";
				INFOPLIST_KEY_NSPhotoLibraryUsageDescription = "Joyful picture and video library usage.";
				"INFOPLIST_KEY_UILaunchScreen_Generation[sdk=iphoneos*]" = YES;
				"INFOPLIST_KEY_UILaunchScreen_Generation[sdk=iphonesimulator*]" = YES;
				INFOPLIST_KEY_UISupportedInterfaceOrientations = UIInterfaceOrientationPortrait;
				INFOPLIST_KEY_UISupportedInterfaceOrientations_iPad = "UIInterfaceOrientationLandscapeLeft UIInterfaceOrientationLandscapeRight UIInterfaceOrientationPortrait UIInterfaceOrientationPortraitUpsideDown";
				IPHONEOS_DEPLOYMENT_TARGET = 17.0;
				LD_RUNPATH_SEARCH_PATHS = "@executable_path/Frameworks";
				"LD_RUNPATH_SEARCH_PATHS[sdk=macosx*]" = "@executable_path/../Frameworks";
				MACOSX_DEPLOYMENT_TARGET = 13.0;
				MARKETING_VERSION = 1.0;
				PRODUCT_BUNDLE_IDENTIFIER = io.sleepyfran.Maby;
				PRODUCT_NAME = "$(TARGET_NAME)";
				SDKROOT = auto;
				SUPPORTED_PLATFORMS = "iphoneos iphonesimulator";
				SUPPORTS_MACCATALYST = NO;
				SUPPORTS_MAC_DESIGNED_FOR_IPHONE_IPAD = NO;
				SWIFT_EMIT_LOC_STRINGS = YES;
				SWIFT_VERSION = 5.0;
				TARGETED_DEVICE_FAMILY = "1,2";
			};
			name = Release;
		};
/* End XCBuildConfiguration section */

/* Begin XCConfigurationList section */
		C9ED2E99287C745100BA3228 /* Build configuration list for PBXProject "Maby" */ = {
			isa = XCConfigurationList;
			buildConfigurations = (
				C9ED2EC6287C745300BA3228 /* Debug */,
				C9ED2EC7287C745300BA3228 /* Release */,
			);
			defaultConfigurationIsVisible = 0;
			defaultConfigurationName = Release;
		};
		C9ED2EC8287C745300BA3228 /* Build configuration list for PBXNativeTarget "Joyful" */ = {
			isa = XCConfigurationList;
			buildConfigurations = (
				C9ED2EC9287C745300BA3228 /* Debug */,
				C9ED2ECA287C745300BA3228 /* Release */,
			);
			defaultConfigurationIsVisible = 0;
			defaultConfigurationName = Release;
		};
/* End XCConfigurationList section */

/* Begin XCLocalSwiftPackageReference section */
		EB7E40122BEE0465006DA8D8 /* XCLocalSwiftPackageReference "MabyKit" */ = {
			isa = XCLocalSwiftPackageReference;
			relativePath = MabyKit;
		};
		EB7E40152BEE048D006DA8D8 /* XCLocalSwiftPackageReference "../FloatingButton" */ = {
			isa = XCLocalSwiftPackageReference;
			relativePath = ../FloatingButton;
		};
		EB7E40182BEE04B3006DA8D8 /* XCLocalSwiftPackageReference "../Aespa" */ = {
			isa = XCLocalSwiftPackageReference;
			relativePath = ../Aespa;
		};
/* End XCLocalSwiftPackageReference section */

/* Begin XCSwiftPackageProductDependency section */
		EB7E40132BEE0465006DA8D8 /* MabyKit */ = {
			isa = XCSwiftPackageProductDependency;
			productName = MabyKit;
		};
		EB7E40162BEE048D006DA8D8 /* FloatingButton */ = {
			isa = XCSwiftPackageProductDependency;
			productName = FloatingButton;
		};
		EB7E40192BEE04B3006DA8D8 /* Aespa */ = {
			isa = XCSwiftPackageProductDependency;
			productName = Aespa;
		};
/* End XCSwiftPackageProductDependency section */
	};
	rootObject = C9ED2E96287C745100BA3228 /* Project object */;
}
