{
  "object": {
    "pins": [
      {
        "package": "Factory",
        "repositoryURL": "https://github.com/hmlongco/Factory",
        "state": {
          "branch": null,
          "revision": "bb3cfd694f73d281cd38047eaf05d12e544c69f5",
          "version": "1.2.4"
        }
      },
      {
        "package": "swift-log",
        "repositoryURL": "https://github.com/apple/swift-log.git",
        "state": {
          "branch": null,
          "revision": "e97a6fcb1ab07462881ac165fdbb37f067e205d5",
          "version": "1.5.4"
        }
      },
      {
        "package": "swift-snapshot-testing",
        "repositoryURL": "https://github.com/pointfreeco/swift-snapshot-testing.git",
        "state": {
          "branch": null,
          "revision": "625ccca8570773dd84a34ee51a81aa2bc5a4f97a",
          "version": "1.16.0"
        }
      },
      {
        "package": "swift-syntax",
        "repositoryURL": "https://github.com/apple/swift-syntax",
        "state": {
          "branch": null,
          "revision": "303e5c5c36d6a558407d364878df131c3546fad8",
          "version": "510.0.2"
        }
      },
      {
        "package": "swiftui-introspect",
        "repositoryURL": "https://github.com/siteline/SwiftUI-Introspect",
        "state": {
          "branch": null,
          "revision": "121c146fe591b1320238d054ae35c81ffa45f45a",
          "version": "0.12.0"
        }
      },
      {
        "package": "SwiftUIReorderableForEach",
        "repositoryURL": "https://github.com/globulus/swiftui-reorderable-foreach",
        "state": {
          "branch": null,
          "revision": "47f6ca1ad906ef2ae1f872ed34a10cc615ad99ca",
          "version": "1.0.0"
        }
      }
    ]
  },
  "version": 1
}
